
Microsoft Visual Studio Solution File, Format Version 12.00
# Visual Studio Version 18
VisualStudioVersion = 18.6.11723.189 insiders
MinimumVisualStudioVersion = 10.0.40219.1
Project("{FAE04EC0-301F-11D3-BF4B-00C04F79EFBC}") = "BasicDrawingApp", "BasicDrawingApp.csproj", "{A7CBBBDD-604A-E729-9C9C-0C2E36A96BC1}"
EndProject
Global
	GlobalSection(SolutionConfigurationPlatforms) = preSolution
		Debug|Any CPU = Debug|Any CPU
		Release|Any CPU = Release|Any CPU
	EndGlobalSection
	GlobalSection(ProjectConfigurationPlatforms) = postSolution
		{A7CBBBDD-604A-E729-9C9C-0C2E36A96BC1}.Debug|Any CPU.ActiveCfg = Debug|Any CPU
		{A7CBBBDD-604A-E729-9C9C-0C2E36A96BC1}.Debug|Any CPU.Build.0 = Debug|Any CPU
		{A7CBBBDD-604A-E729-9C9C-0C2E36A96BC1}.Release|Any CPU.ActiveCfg = Release|Any CPU
		{A7CBBBDD-604A-E729-9C9C-0C2E36A96BC1}.Release|Any CPU.Build.0 = Release|Any CPU
	EndGlobalSection
	GlobalSection(SolutionProperties) = preSolution
		HideSolutionNode = FALSE
	EndGlobalSection
	GlobalSection(ExtensibilityGlobals) = postSolution
		SolutionGuid = {94769218-7F19-4B45-9213-9FD5E1EB69FF}
	EndGlobalSection
EndGlobal
